// !$*UTF8*$!
{
	archiveVersion = 1;
	classes = {
	};
	objectVersion = 56;
	objects = {

/* Begin PBXBuildFile section */
		F801AC932C610AB0005D5789 /* trip_companionsApp.swift in Sources */ = {isa = PBXBuildFile; fileRef = F801AC922C610AB0005D5789 /* trip_companionsApp.swift */; };
		F801AC952C610AB0005D5789 /* ContentView.swift in Sources */ = {isa = PBXBuildFile; fileRef = F801AC942C610AB0005D5789 /* ContentView.swift */; };
		F801AC972C610AB1005D5789 /* Assets.xcassets in Resources */ = {isa = PBXBuildFile; fileRef = F801AC962C610AB1005D5789 /* Assets.xcassets */; };
		F801AC9A2C610AB1005D5789 /* Preview Assets.xcassets in Resources */ = {isa = PBXBuildFile; fileRef = F801AC992C610AB1005D5789 /* Preview Assets.xcassets */; };
		F801ACA42C610AB2005D5789 /* trip_companionsTests.swift in Sources */ = {isa = PBXBuildFile; fileRef = F801ACA32C610AB2005D5789 /* trip_companionsTests.swift */; };
		F801ACAE2C610AB2005D5789 /* trip_companionsUITests.swift in Sources */ = {isa = PBXBuildFile; fileRef = F801ACAD2C610AB2005D5789 /* trip_companionsUITests.swift */; };
		F801ACB02C610AB2005D5789 /* trip_companionsUITestsLaunchTests.swift in Sources */ = {isa = PBXBuildFile; fileRef = F801ACAF2C610AB2005D5789 /* trip_companionsUITestsLaunchTests.swift */; };
/* End PBXBuildFile section */

/* Begin PBXContainerItemProxy section */
		F801ACA02C610AB2005D5789 /* PBXContainerItemProxy */ = {
			isa = PBXContainerItemProxy;
			containerPortal = F801AC872C610AB0005D5789 /* Project object */;
			proxyType = 1;
			remoteGlobalIDString = F801AC8E2C610AB0005D5789;
			remoteInfo = "trip-companions";
		};
		F801ACAA2C610AB2005D5789 /* PBXContainerItemProxy */ = {
			isa = PBXContainerItemProxy;
			containerPortal = F801AC872C610AB0005D5789 /* Project object */;
			proxyType = 1;
			remoteGlobalIDString = F801AC8E2C610AB0005D5789;
			remoteInfo = "trip-companions";
		};
/* End PBXContainerItemProxy section */

/* Begin PBXFileReference section */
		F801AC8F2C610AB0005D5789 /* trip-companions.app */ = {isa = PBXFileReference; explicitFileType = wrapper.application; includeInIndex = 0; path = "trip-companions.app"; sourceTree = BUILT_PRODUCTS_DIR; };
		F801AC922C610AB0005D5789 /* trip_companionsApp.swift */ = {isa = PBXFileReference; lastKnownFileType = sourcecode.swift; path = trip_companionsApp.swift; sourceTree = "<group>"; };
		F801AC942C610AB0005D5789 /* ContentView.swift */ = {isa = PBXFileReference; lastKnownFileType = sourcecode.swift; path = ContentView.swift; sourceTree = "<group>"; };
		F801AC962C610AB1005D5789 /* Assets.xcassets */ = {isa = PBXFileReference; lastKnownFileType = folder.assetcatalog; path = Assets.xcassets; sourceTree = "<group>"; };
		F801AC992C610AB1005D5789 /* Preview Assets.xcassets */ = {isa = PBXFileReference; lastKnownFileType = folder.assetcatalog; path = "Preview Assets.xcassets"; sourceTree = "<group>"; };
		F801AC9F2C610AB2005D5789 /* trip-companionsTests.xctest */ = {isa = PBXFileReference; explicitFileType = wrapper.cfbundle; includeInIndex = 0; path = "trip-companionsTests.xctest"; sourceTree = BUILT_PRODUCTS_DIR; };
		F801ACA32C610AB2005D5789 /* trip_companionsTests.swift */ = {isa = PBXFileReference; lastKnownFileType = sourcecode.swift; path = trip_companionsTests.swift; sourceTree = "<group>"; };
		F801ACA92C610AB2005D5789 /* trip-companionsUITests.xctest */ = {isa = PBXFileReference; explicitFileType = wrapper.cfbundle; includeInIndex = 0; path = "trip-companionsUITests.xctest"; sourceTree = BUILT_PRODUCTS_DIR; };
		F801ACAD2C610AB2005D5789 /* trip_companionsUITests.swift */ = {isa = PBXFileReference; lastKnownFileType = sourcecode.swift; path = trip_companionsUITests.swift; sourceTree = "<group>"; };
		F801ACAF2C610AB2005D5789 /* trip_companionsUITestsLaunchTests.swift */ = {isa = PBXFileReference; lastKnownFileType = sourcecode.swift; path = trip_companionsUITestsLaunchTests.swift; sourceTree = "<group>"; };
/* End PBXFileReference section */

/* Begin PBXFrameworksBuildPhase section */
		F801AC8C2C610AB0005D5789 /* Frameworks */ = {
			isa = PBXFrameworksBuildPhase;
			buildActionMask = 2147483647;
			files = (
			);
			runOnlyForDeploymentPostprocessing = 0;
		};
		F801AC9C2C610AB2005D5789 /* Frameworks */ = {
			isa = PBXFrameworksBuildPhase;
			buildActionMask = 2147483647;
			files = (
			);
			runOnlyForDeploymentPostprocessing = 0;
		};
		F801ACA62C610AB2005D5789 /* Frameworks */ = {
			isa = PBXFrameworksBuildPhase;
			buildActionMask = 2147483647;
			files = (
			);
			runOnlyForDeploymentPostprocessing = 0;
		};
/* End PBXFrameworksBuildPhase section */

/* Begin PBXGroup section */
		F801AC862C610AB0005D5789 = {
			isa = PBXGroup;
			children = (
				F801AC912C610AB0005D5789 /* trip-companions */,
				F801ACA22C610AB2005D5789 /* trip-companionsTests */,
				F801ACAC2C610AB2005D5789 /* trip-companionsUITests */,
				F801AC902C610AB0005D5789 /* Products */,
			);
			sourceTree = "<group>";
		};
		F801AC902C610AB0005D5789 /* Products */ = {
			isa = PBXGroup;
			children = (
				F801AC8F2C610AB0005D5789 /* trip-companions.app */,
				F801AC9F2C610AB2005D5789 /* trip-companionsTests.xctest */,
				F801ACA92C610AB2005D5789 /* trip-companionsUITests.xctest */,
			);
			name = Products;
			sourceTree = "<group>";
		};
		F801AC912C610AB0005D5789 /* trip-companions */ = {
			isa = PBXGroup;
			children = (
				F801AC922C610AB0005D5789 /* trip_companionsApp.swift */,
				F801AC942C610AB0005D5789 /* ContentView.swift */,
				F801AC962C610AB1005D5789 /* Assets.xcassets */,
				F801AC982C610AB1005D5789 /* Preview Content */,
			);
			path = "trip-companions";
			sourceTree = "<group>";
		};
		F801AC982C610AB1005D5789 /* Preview Content */ = {
			isa = PBXGroup;
			children = (
				F801AC992C610AB1005D5789 /* Preview Assets.xcassets */,
			);
			path = "Preview Content";
			sourceTree = "<group>";
		};
		F801ACA22C610AB2005D5789 /* trip-companionsTests */ = {
			isa = PBXGroup;
			children = (
				F801ACA32C610AB2005D5789 /* trip_companionsTests.swift */,
			);
			path = "trip-companionsTests";
			sourceTree = "<group>";
		};
		F801ACAC2C610AB2005D5789 /* trip-companionsUITests */ = {
			isa = PBXGroup;
			children = (
				F801ACAD2C610AB2005D5789 /* trip_companionsUITests.swift */,
				F801ACAF2C610AB2005D5789 /* trip_companionsUITestsLaunchTests.swift */,
			);
			path = "trip-companionsUITests";
			sourceTree = "<group>";
		};
/* End PBXGroup section */

/* Begin PBXNativeTarget section */
		F801AC8E2C610AB0005D5789 /* trip-companions */ = {
			isa = PBXNativeTarget;
			buildConfigurationList = F801ACB32C610AB2005D5789 /* Build configuration list for PBXNativeTarget "trip-companions" */;
			buildPhases = (
				F801AC8B2C610AB0005D5789 /* Sources */,
				F801AC8C2C610AB0005D5789 /* Frameworks */,
				F801AC8D2C610AB0005D5789 /* Resources */,
			);
			buildRules = (
			);
			dependencies = (
			);
			name = "trip-companions";
			productName = "trip-companions";
			productReference = F801AC8F2C610AB0005D5789 /* trip-companions.app */;
			productType = "com.apple.product-type.application";
		};
		F801AC9E2C610AB2005D5789 /* trip-companionsTests */ = {
			isa = PBXNativeTarget;
			buildConfigurationList = F801ACB62C610AB2005D5789 /* Build configuration list for PBXNativeTarget "trip-companionsTests" */;
			buildPhases = (
				F801AC9B2C610AB2005D5789 /* Sources */,
				F801AC9C2C610AB2005D5789 /* Frameworks */,
				F801AC9D2C610AB2005D5789 /* Resources */,
			);
			buildRules = (
			);
			dependencies = (
				F801ACA12C610AB2005D5789 /* PBXTargetDependency */,
			);
			name = "trip-companionsTests";
			productName = "trip-companionsTests";
			productReference = F801AC9F2C610AB2005D5789 /* trip-companionsTests.xctest */;
			productType = "com.apple.product-type.bundle.unit-test";
		};
		F801ACA82C610AB2005D5789 /* trip-companionsUITests */ = {
			isa = PBXNativeTarget;
			buildConfigurationList = F801ACB92C610AB2005D5789 /* Build configuration list for PBXNativeTarget "trip-companionsUITests" */;
			buildPhases = (
				F801ACA52C610AB2005D5789 /* Sources */,
				F801ACA62C610AB2005D5789 /* Frameworks */,
				F801ACA72C610AB2005D5789 /* Resources */,
			);
			buildRules = (
			);
			dependencies = (
				F801ACAB2C610AB2005D5789 /* PBXTargetDependency */,
			);
			name = "trip-companionsUITests";
			productName = "trip-companionsUITests";
			productReference = F801ACA92C610AB2005D5789 /* trip-companionsUITests.xctest */;
			productType = "com.apple.product-type.bundle.ui-testing";
		};
/* End PBXNativeTarget section */

/* Begin PBXProject section */
		F801AC872C610AB0005D5789 /* Project object */ = {
			isa = PBXProject;
			attributes = {
				BuildIndependentTargetsInParallel = 1;
				LastSwiftUpdateCheck = 1530;
				LastUpgradeCheck = 1530;
				TargetAttributes = {
					F801AC8E2C610AB0005D5789 = {
						CreatedOnToolsVersion = 15.3;
					};
					F801AC9E2C610AB2005D5789 = {
						CreatedOnToolsVersion = 15.3;
						TestTargetID = F801AC8E2C610AB0005D5789;
					};
					F801ACA82C610AB2005D5789 = {
						CreatedOnToolsVersion = 15.3;
						TestTargetID = F801AC8E2C610AB0005D5789;
					};
				};
			};
			buildConfigurationList = F801AC8A2C610AB0005D5789 /* Build configuration list for PBXProject "trip-companions" */;
			compatibilityVersion = "Xcode 14.0";
			developmentRegion = en;
			hasScannedForEncodings = 0;
			knownRegions = (
				en,
				Base,
			);
			mainGroup = F801AC862C610AB0005D5789;
			productRefGroup = F801AC902C610AB0005D5789 /* Products */;
			projectDirPath = "";
			projectRoot = "";
			targets = (
				F801AC8E2C610AB0005D5789 /* trip-companions */,
				F801AC9E2C610AB2005D5789 /* trip-companionsTests */,
				F801ACA82C610AB2005D5789 /* trip-companionsUITests */,
			);
		};
/* End PBXProject section */

/* Begin PBXResourcesBuildPhase section */
		F801AC8D2C610AB0005D5789 /* Resources */ = {
			isa = PBXResourcesBuildPhase;
			buildActionMask = 2147483647;
			files = (
				F801AC9A2C610AB1005D5789 /* Preview Assets.xcassets in Resources */,
				F801AC972C610AB1005D5789 /* Assets.xcassets in Resources */,
			);
			runOnlyForDeploymentPostprocessing = 0;
		};
		F801AC9D2C610AB2005D5789 /* Resources */ = {
			isa = PBXResourcesBuildPhase;
			buildActionMask = 2147483647;
			files = (
			);
			runOnlyForDeploymentPostprocessing = 0;
		};
		F801ACA72C610AB2005D5789 /* Resources */ = {
			isa = PBXResourcesBuildPhase;
			buildActionMask = 2147483647;
			files = (
			);
			runOnlyForDeploymentPostprocessing = 0;
		};
/* End PBXResourcesBuildPhase section */

/* Begin PBXSourcesBuildPhase section */
		F801AC8B2C610AB0005D5789 /* Sources */ = {
			isa = PBXSourcesBuildPhase;
			buildActionMask = 2147483647;
			files = (
				F801AC952C610AB0005D5789 /* ContentView.swift in Sources */,
				F801AC932C610AB0005D5789 /* trip_companionsApp.swift in Sources */,
			);
			runOnlyForDeploymentPostprocessing = 0;
		};
		F801AC9B2C610AB2005D5789 /* Sources */ = {
			isa = PBXSourcesBuildPhase;
			buildActionMask = 2147483647;
			files = (
				F801ACA42C610AB2005D5789 /* trip_companionsTests.swift in Sources */,
			);
			runOnlyForDeploymentPostprocessing = 0;
		};
		F801ACA52C610AB2005D5789 /* Sources */ = {
			isa = PBXSourcesBuildPhase;
			buildActionMask = 2147483647;
			files = (
				F801ACB02C610AB2005D5789 /* trip_companionsUITestsLaunchTests.swift in Sources */,
				F801ACAE2C610AB2005D5789 /* trip_companionsUITests.swift in Sources */,
			);
			runOnlyForDeploymentPostprocessing = 0;
		};
/* End PBXSourcesBuildPhase section */

/* Begin PBXTargetDependency section */
		F801ACA12C610AB2005D5789 /* PBXTargetDependency */ = {
			isa = PBXTargetDependency;
			target = F801AC8E2C610AB0005D5789 /* trip-companions */;
			targetProxy = F801ACA02C610AB2005D5789 /* PBXContainerItemProxy */;
		};
		F801ACAB2C610AB2005D5789 /* PBXTargetDependency */ = {
			isa = PBXTargetDependency;
			target = F801AC8E2C610AB0005D5789 /* trip-companions */;
			targetProxy = F801ACAA2C610AB2005D5789 /* PBXContainerItemProxy */;
		};
/* End PBXTargetDependency section */

/* Begin XCBuildConfiguration section */
		F801ACB12C610AB2005D5789 /* Debug */ = {
			isa = XCBuildConfiguration;
			buildSettings = {
				ALWAYS_SEARCH_USER_PATHS = NO;
				ASSETCATALOG_COMPILER_GENERATE_SWIFT_ASSET_SYMBOL_EXTENSIONS = YES;
				CLANG_ANALYZER_NONNULL = YES;
				CLANG_ANALYZER_NUMBER_OBJECT_CONVERSION = YES_AGGRESSIVE;
				CLANG_CXX_LANGUAGE_STANDARD = "gnu++20";
				CLANG_ENABLE_MODULES = YES;
				CLANG_ENABLE_OBJC_ARC = YES;
				CLANG_ENABLE_OBJC_WEAK = YES;
				CLANG_WARN_BLOCK_CAPTURE_AUTORELEASING = YES;
				CLANG_WARN_BOOL_CONVERSION = YES;
				CLANG_WARN_COMMA = YES;
				CLANG_WARN_CONSTANT_CONVERSION = YES;
				CLANG_WARN_DEPRECATED_OBJC_IMPLEMENTATIONS = YES;
				CLANG_WARN_DIRECT_OBJC_ISA_USAGE = YES_ERROR;
				CLANG_WARN_DOCUMENTATION_COMMENTS = YES;
				CLANG_WARN_EMPTY_BODY = YES;
				CLANG_WARN_ENUM_CONVERSION = YES;
				CLANG_WARN_INFINITE_RECURSION = YES;
				CLANG_WARN_INT_CONVERSION = YES;
				CLANG_WARN_NON_LITERAL_NULL_CONVERSION = YES;
				CLANG_WARN_OBJC_IMPLICIT_RETAIN_SELF = YES;
				CLANG_WARN_OBJC_LITERAL_CONVERSION = YES;
				CLANG_WARN_OBJC_ROOT_CLASS = YES_ERROR;
				CLANG_WARN_QUOTED_INCLUDE_IN_FRAMEWORK_HEADER = YES;
				CLANG_WARN_RANGE_LOOP_ANALYSIS = YES;
				CLANG_WARN_STRICT_PROTOTYPES = YES;
				CLANG_WARN_SUSPICIOUS_MOVE = YES;
				CLANG_WARN_UNGUARDED_AVAILABILITY = YES_AGGRESSIVE;
				CLANG_WARN_UNREACHABLE_CODE = YES;
				CLANG_WARN__DUPLICATE_METHOD_MATCH = YES;
				COPY_PHASE_STRIP = NO;
				DEBUG_INFORMATION_FORMAT = dwarf;
				ENABLE_STRICT_OBJC_MSGSEND = YES;
				ENABLE_TESTABILITY = YES;
				ENABLE_USER_SCRIPT_SANDBOXING = YES;
				GCC_C_LANGUAGE_STANDARD = gnu17;
				GCC_DYNAMIC_NO_PIC = NO;
				GCC_NO_COMMON_BLOCKS = YES;
				GCC_OPTIMIZATION_LEVEL = 0;
				GCC_PREPROCESSOR_DEFINITIONS = (
					"DEBUG=1",
					"$(inherited)",
				);
				GCC_WARN_64_TO_32_BIT_CONVERSION = YES;
				GCC_WARN_ABOUT_RETURN_TYPE = YES_ERROR;
				GCC_WARN_UNDECLARED_SELECTOR = YES;
				GCC_WARN_UNINITIALIZED_AUTOS = YES_AGGRESSIVE;
				GCC_WARN_UNUSED_FUNCTION = YES;
				GCC_WARN_UNUSED_VARIABLE = YES;
				IPHONEOS_DEPLOYMENT_TARGET = 17.4;
				LOCALIZATION_PREFERS_STRING_CATALOGS = YES;
				MTL_ENABLE_DEBUG_INFO = INCLUDE_SOURCE;
				MTL_FAST_MATH = YES;
				ONLY_ACTIVE_ARCH = YES;
				SDKROOT = iphoneos;
				SWIFT_ACTIVE_COMPILATION_CONDITIONS = "DEBUG $(inherited)";
				SWIFT_OPTIMIZATION_LEVEL = "-Onone";
			};
			name = Debug;
		};
		F801ACB22C610AB2005D5789 /* Release */ = {
			isa = XCBuildConfiguration;
			buildSettings = {
				ALWAYS_SEARCH_USER_PATHS = NO;
				ASSETCATALOG_COMPILER_GENERATE_SWIFT_ASSET_SYMBOL_EXTENSIONS = YES;
				CLANG_ANALYZER_NONNULL = YES;
				CLANG_ANALYZER_NUMBER_OBJECT_CONVERSION = YES_AGGRESSIVE;
				CLANG_CXX_LANGUAGE_STANDARD = "gnu++20";
				CLANG_ENABLE_MODULES = YES;
				CLANG_ENABLE_OBJC_ARC = YES;
				CLANG_ENABLE_OBJC_WEAK = YES;
				CLANG_WARN_BLOCK_CAPTURE_AUTORELEASING = YES;
				CLANG_WARN_BOOL_CONVERSION = YES;
				CLANG_WARN_COMMA = YES;
				CLANG_WARN_CONSTANT_CONVERSION = YES;
				CLANG_WARN_DEPRECATED_OBJC_IMPLEMENTATIONS = YES;
				CLANG_WARN_DIRECT_OBJC_ISA_USAGE = YES_ERROR;
				CLANG_WARN_DOCUMENTATION_COMMENTS = YES;
				CLANG_WARN_EMPTY_BODY = YES;
				CLANG_WARN_ENUM_CONVERSION = YES;
				CLANG_WARN_INFINITE_RECURSION = YES;
				CLANG_WARN_INT_CONVERSION = YES;
				CLANG_WARN_NON_LITERAL_NULL_CONVERSION = YES;
				CLANG_WARN_OBJC_IMPLICIT_RETAIN_SELF = YES;
				CLANG_WARN_OBJC_LITERAL_CONVERSION = YES;
				CLANG_WARN_OBJC_ROOT_CLASS = YES_ERROR;
				CLANG_WARN_QUOTED_INCLUDE_IN_FRAMEWORK_HEADER = YES;
				CLANG_WARN_RANGE_LOOP_ANALYSIS = YES;
				CLANG_WARN_STRICT_PROTOTYPES = YES;
				CLANG_WARN_SUSPICIOUS_MOVE = YES;
				CLANG_WARN_UNGUARDED_AVAILABILITY = YES_AGGRESSIVE;
				CLANG_WARN_UNREACHABLE_CODE = YES;
				CLANG_WARN__DUPLICATE_METHOD_MATCH = YES;
				COPY_PHASE_STRIP = NO;
				DEBUG_INFORMATION_FORMAT = "dwarf-with-dsym";
				ENABLE_NS_ASSERTIONS = NO;
				ENABLE_STRICT_OBJC_MSGSEND = YES;
				ENABLE_USER_SCRIPT_SANDBOXING = YES;
				GCC_C_LANGUAGE_STANDARD = gnu17;
				GCC_NO_COMMON_BLOCKS = YES;
				GCC_WARN_64_TO_32_BIT_CONVERSION = YES;
				GCC_WARN_ABOUT_RETURN_TYPE = YES_ERROR;
				GCC_WARN_UNDECLARED_SELECTOR = YES;
				GCC_WARN_UNINITIALIZED_AUTOS = YES_AGGRESSIVE;
				GCC_WARN_UNUSED_FUNCTION = YES;
				GCC_WARN_UNUSED_VARIABLE = YES;
				IPHONEOS_DEPLOYMENT_TARGET = 17.4;
				LOCALIZATION_PREFERS_STRING_CATALOGS = YES;
				MTL_ENABLE_DEBUG_INFO = NO;
				MTL_FAST_MATH = YES;
				SDKROOT = iphoneos;
				SWIFT_COMPILATION_MODE = wholemodule;
				VALIDATE_PRODUCT = YES;
			};
			name = Release;
		};
		F801ACB42C610AB2005D5789 /* Debug */ = {
			isa = XCBuildConfiguration;
			buildSettings = {
				ASSETCATALOG_COMPILER_APPICON_NAME = AppIcon;
				ASSETCATALOG_COMPILER_GLOBAL_ACCENT_COLOR_NAME = AccentColor;
				CODE_SIGN_STYLE = Automatic;
				CURRENT_PROJECT_VERSION = 1;
				DEVELOPMENT_ASSET_PATHS = "\"trip-companions/Preview Content\"";
				DEVELOPMENT_TEAM = 96KDP35MCD;
				ENABLE_PREVIEWS = YES;
				GENERATE_INFOPLIST_FILE = YES;
				INFOPLIST_KEY_UIApplicationSceneManifest_Generation = YES;
				INFOPLIST_KEY_UIApplicationSupportsIndirectInputEvents = YES;
				INFOPLIST_KEY_UILaunchScreen_Generation = YES;
				INFOPLIST_KEY_UISupportedInterfaceOrientations_iPad = "UIInterfaceOrientationPortrait UIInterfaceOrientationPortraitUpsideDown UIInterfaceOrientationLandscapeLeft UIInterfaceOrientationLandscapeRight";
				INFOPLIST_KEY_UISupportedInterfaceOrientations_iPhone = "UIInterfaceOrientationPortrait UIInterfaceOrientationLandscapeLeft UIInterfaceOrientationLandscapeRight";
				LD_RUNPATH_SEARCH_PATHS = (
					"$(inherited)",
					"@executable_path/Frameworks",
				);
				MARKETING_VERSION = 1.0;
				PRODUCT_BUNDLE_IDENTIFIER = "com.zeroh.trip-companions";
				PRODUCT_NAME = "$(TARGET_NAME)";
				SWIFT_EMIT_LOC_STRINGS = YES;
				SWIFT_VERSION = 5.0;
				TARGETED_DEVICE_FAMILY = "1,2";
			};
			name = Debug;
		};
		F801ACB52C610AB2005D5789 /* Release */ = {
			isa = XCBuildConfiguration;
			buildSettings = {
				ASSETCATALOG_COMPILER_APPICON_NAME = AppIcon;
				ASSETCATALOG_COMPILER_GLOBAL_ACCENT_COLOR_NAME = AccentColor;
				CODE_SIGN_STYLE = Automatic;
				CURRENT_PROJECT_VERSION = 1;
				DEVELOPMENT_ASSET_PATHS = "\"trip-companions/Preview Content\"";
				DEVELOPMENT_TEAM = 96KDP35MCD;
				ENABLE_PREVIEWS = YES;
				GENERATE_INFOPLIST_FILE = YES;
				INFOPLIST_KEY_UIApplicationSceneManifest_Generation = YES;
				INFOPLIST_KEY_UIApplicationSupportsIndirectInputEvents = YES;
				INFOPLIST_KEY_UILaunchScreen_Generation = YES;
				INFOPLIST_KEY_UISupportedInterfaceOrientations_iPad = "UIInterfaceOrientationPortrait UIInterfaceOrientationPortraitUpsideDown UIInterfaceOrientationLandscapeLeft UIInterfaceOrientationLandscapeRight";
				INFOPLIST_KEY_UISupportedInterfaceOrientations_iPhone = "UIInterfaceOrientationPortrait UIInterfaceOrientationLandscapeLeft UIInterfaceOrientationLandscapeRight";
				LD_RUNPATH_SEARCH_PATHS = (
					"$(inherited)",
					"@executable_path/Frameworks",
				);
				MARKETING_VERSION = 1.0;
				PRODUCT_BUNDLE_IDENTIFIER = "com.zeroh.trip-companions";
				PRODUCT_NAME = "$(TARGET_NAME)";
				SWIFT_EMIT_LOC_STRINGS = YES;
				SWIFT_VERSION = 5.0;
				TARGETED_DEVICE_FAMILY = "1,2";
			};
			name = Release;
		};
		F801ACB72C610AB2005D5789 /* Debug */ = {
			isa = XCBuildConfiguration;
			buildSettings = {
				ALWAYS_EMBED_SWIFT_STANDARD_LIBRARIES = YES;
				BUNDLE_LOADER = "$(TEST_HOST)";
				CODE_SIGN_STYLE = Automatic;
				CURRENT_PROJECT_VERSION = 1;
				DEVELOPMENT_TEAM = 96KDP35MCD;
				GENERATE_INFOPLIST_FILE = YES;
				IPHONEOS_DEPLOYMENT_TARGET = 17.4;
				MARKETING_VERSION = 1.0;
				PRODUCT_BUNDLE_IDENTIFIER = "com.zeroh.trip-companionsTests";
				PRODUCT_NAME = "$(TARGET_NAME)";
				SWIFT_EMIT_LOC_STRINGS = NO;
				SWIFT_VERSION = 5.0;
				TARGETED_DEVICE_FAMILY = "1,2";
				TEST_HOST = "$(BUILT_PRODUCTS_DIR)/trip-companions.app/$(BUNDLE_EXECUTABLE_FOLDER_PATH)/trip-companions";
			};
			name = Debug;
		};
		F801ACB82C610AB2005D5789 /* Release */ = {
			isa = XCBuildConfiguration;
			buildSettings = {
				ALWAYS_EMBED_SWIFT_STANDARD_LIBRARIES = YES;
				BUNDLE_LOADER = "$(TEST_HOST)";
				CODE_SIGN_STYLE = Automatic;
				CURRENT_PROJECT_VERSION = 1;
				DEVELOPMENT_TEAM = 96KDP35MCD;
				GENERATE_INFOPLIST_FILE = YES;
				IPHONEOS_DEPLOYMENT_TARGET = 17.4;
				MARKETING_VERSION = 1.0;
				PRODUCT_BUNDLE_IDENTIFIER = "com.zeroh.trip-companionsTests";
				PRODUCT_NAME = "$(TARGET_NAME)";
				SWIFT_EMIT_LOC_STRINGS = NO;
				SWIFT_VERSION = 5.0;
				TARGETED_DEVICE_FAMILY = "1,2";
				TEST_HOST = "$(BUILT_PRODUCTS_DIR)/trip-companions.app/$(BUNDLE_EXECUTABLE_FOLDER_PATH)/trip-companions";
			};
			name = Release;
		};
		F801ACBA2C610AB2005D5789 /* Debug */ = {
			isa = XCBuildConfiguration;
			buildSettings = {
				ALWAYS_EMBED_SWIFT_STANDARD_LIBRARIES = YES;
				CODE_SIGN_STYLE = Automatic;
				CURRENT_PROJECT_VERSION = 1;
				DEVELOPMENT_TEAM = 96KDP35MCD;
				GENERATE_INFOPLIST_FILE = YES;
				MARKETING_VERSION = 1.0;
				PRODUCT_BUNDLE_IDENTIFIER = "com.zeroh.trip-companionsUITests";
				PRODUCT_NAME = "$(TARGET_NAME)";
				SWIFT_EMIT_LOC_STRINGS = NO;
				SWIFT_VERSION = 5.0;
				TARGETED_DEVICE_FAMILY = "1,2";
				TEST_TARGET_NAME = "trip-companions";
			};
			name = Debug;
		};
		F801ACBB2C610AB2005D5789 /* Release */ = {
			isa = XCBuildConfiguration;
			buildSettings = {
				ALWAYS_EMBED_SWIFT_STANDARD_LIBRARIES = YES;
				CODE_SIGN_STYLE = Automatic;
				CURRENT_PROJECT_VERSION = 1;
				DEVELOPMENT_TEAM = 96KDP35MCD;
				GENERATE_INFOPLIST_FILE = YES;
				MARKETING_VERSION = 1.0;
				PRODUCT_BUNDLE_IDENTIFIER = "com.zeroh.trip-companionsUITests";
				PRODUCT_NAME = "$(TARGET_NAME)";
				SWIFT_EMIT_LOC_STRINGS = NO;
				SWIFT_VERSION = 5.0;
				TARGETED_DEVICE_FAMILY = "1,2";
				TEST_TARGET_NAME = "trip-companions";
			};
			name = Release;
		};
/* End XCBuildConfiguration section */

/* Begin XCConfigurationList section */
		F801AC8A2C610AB0005D5789 /* Build configuration list for PBXProject "trip-companions" */ = {
			isa = XCConfigurationList;
			buildConfigurations = (
				F801ACB12C610AB2005D5789 /* Debug */,
				F801ACB22C610AB2005D5789 /* Release */,
			);
			defaultConfigurationIsVisible = 0;
			defaultConfigurationName = Release;
		};
		F801ACB32C610AB2005D5789 /* Build configuration list for PBXNativeTarget "trip-companions" */ = {
			isa = XCConfigurationList;
			buildConfigurations = (
				F801ACB42C610AB2005D5789 /* Debug */,
				F801ACB52C610AB2005D5789 /* Release */,
			);
			defaultConfigurationIsVisible = 0;
			defaultConfigurationName = Release;
		};
		F801ACB62C610AB2005D5789 /* Build configuration list for PBXNativeTarget "trip-companionsTests" */ = {
			isa = XCConfigurationList;
			buildConfigurations = (
				F801ACB72C610AB2005D5789 /* Debug */,
				F801ACB82C610AB2005D5789 /* Release */,
			);
			defaultConfigurationIsVisible = 0;
			defaultConfigurationName = Release;
		};
		F801ACB92C610AB2005D5789 /* Build configuration list for PBXNativeTarget "trip-companionsUITests" */ = {
			isa = XCConfigurationList;
			buildConfigurations = (
				F801ACBA2C610AB2005D5789 /* Debug */,
				F801ACBB2C610AB2005D5789 /* Release */,
			);
			defaultConfigurationIsVisible = 0;
			defaultConfigurationName = Release;
		};
/* End XCConfigurationList section */
	};
	rootObject = F801AC872C610AB0005D5789 /* Project object */;
}
